
Microsoft Visual Studio Solution File, Format Version 12.00
# Visual Studio Version 17
VisualStudioVersion = 17.0.32112.339
MinimumVisualStudioVersion = 10.0.40219.1
Project("{FAE04EC0-301F-11D3-BF4B-00C04F79EFBC}") = "Задача 3 (20 баллов)", "Задача 3 (20 баллов)\Задача 3 (20 баллов).csproj", "{6DD57D80-D231-4403-9017-9141D2E7B92B}"
EndProject
Global
	GlobalSection(SolutionConfigurationPlatforms) = preSolution
		Debug|Any CPU = Debug|Any CPU
		Release|Any CPU = Release|Any CPU
	EndGlobalSection
	GlobalSection(ProjectConfigurationPlatforms) = postSolution
		{6DD57D80-D231-4403-9017-9141D2E7B92B}.Debug|Any CPU.ActiveCfg = Debug|Any CPU
		{6DD57D80-D231-4403-9017-9141D2E7B92B}.Debug|Any CPU.Build.0 = Debug|Any CPU
		{6DD57D80-D231-4403-9017-9141D2E7B92B}.Release|Any CPU.ActiveCfg = Release|Any CPU
		{6DD57D80-D231-4403-9017-9141D2E7B92B}.Release|Any CPU.Build.0 = Release|Any CPU
	EndGlobalSection
	GlobalSection(SolutionProperties) = preSolution
		HideSolutionNode = FALSE
	EndGlobalSection
	GlobalSection(ExtensibilityGlobals) = postSolution
		SolutionGuid = {A903B668-93F7-4F18-9BEB-E3529A3F9D25}
	EndGlobalSection
EndGlobal
